
Microsoft Visual Studio Solution File, Format Version 12.00
# Visual Studio Version 16
VisualStudioVersion = 16.0.31729.503
MinimumVisualStudioVersion = 10.0.40219.1
Project("{FAE04EC0-301F-11D3-BF4B-00C04F79EFBC}") = "PersonelTakipOtomasyonu", "PersonelTakipOtomasyonu\PersonelTakipOtomasyonu.csproj", "{EE177E2F-F490-4A97-8066-E7A0E889562B}"
EndProject
Global
	GlobalSection(SolutionConfigurationPlatforms) = preSolution
		Debug|Any CPU = Debug|Any CPU
		Release|Any CPU = Release|Any CPU
	EndGlobalSection
	GlobalSection(ProjectConfigurationPlatforms) = postSolution
		{EE177E2F-F490-4A97-8066-E7A0E889562B}.Debug|Any CPU.ActiveCfg = Debug|Any CPU
		{EE177E2F-F490-4A97-8066-E7A0E889562B}.Debug|Any CPU.Build.0 = Debug|Any CPU
		{EE177E2F-F490-4A97-8066-E7A0E889562B}.Release|Any CPU.ActiveCfg = Release|Any CPU
		{EE177E2F-F490-4A97-8066-E7A0E889562B}.Release|Any CPU.Build.0 = Release|Any CPU
	EndGlobalSection
	GlobalSection(SolutionProperties) = preSolution
		HideSolutionNode = FALSE
	EndGlobalSection
	GlobalSection(ExtensibilityGlobals) = postSolution
		SolutionGuid = {77B3BAF0-8E86-4B2C-B48D-3CDDE9B1F98E}
	EndGlobalSection
EndGlobal
